
Microsoft Visual Studio Solution File, Format Version 12.00
# Visual Studio Version 17
VisualStudioVersion = 17.11.35312.102
MinimumVisualStudioVersion = 10.0.40219.1
Project("{FAE04EC0-301F-11D3-BF4B-00C04F79EFBC}") = "SecurityAnalysisDemo", "SecurityAnalysisDemo\SecurityAnalysisDemo.csproj", "{D076E603-B9F1-4D3B-AFE4-84F8E0256F31}"
EndProject
Global
	GlobalSection(SolutionConfigurationPlatforms) = preSolution
		Debug|Any CPU = Debug|Any CPU
		Release|Any CPU = Release|Any CPU
	EndGlobalSection
	GlobalSection(ProjectConfigurationPlatforms) = postSolution
		{D076E603-B9F1-4D3B-AFE4-84F8E0256F31}.Debug|Any CPU.ActiveCfg = Debug|Any CPU
		{D076E603-B9F1-4D3B-AFE4-84F8E0256F31}.Debug|Any CPU.Build.0 = Debug|Any CPU
		{D076E603-B9F1-4D3B-AFE4-84F8E0256F31}.Release|Any CPU.ActiveCfg = Release|Any CPU
		{D076E603-B9F1-4D3B-AFE4-84F8E0256F31}.Release|Any CPU.Build.0 = Release|Any CPU
	EndGlobalSection
	GlobalSection(SolutionProperties) = preSolution
		HideSolutionNode = FALSE
	EndGlobalSection
	GlobalSection(ExtensibilityGlobals) = postSolution
		SolutionGuid = {585CB373-FE2C-4FEE-AEF6-297ED8CA7093}
	EndGlobalSection
EndGlobal
